
Microsoft Visual Studio Solution File, Format Version 12.00
# Visual Studio Version 17
VisualStudioVersion = 17.9.34616.47
MinimumVisualStudioVersion = 10.0.40219.1
Project("{FAE04EC0-301F-11D3-BF4B-00C04F79EFBC}") = "Task_2_2", "Task_2_2.csproj", "{CDD25EC3-9469-44B5-AC23-640EDA331ED8}"
EndProject
Global
	GlobalSection(SolutionConfigurationPlatforms) = preSolution
		Debug|Any CPU = Debug|Any CPU
		Release|Any CPU = Release|Any CPU
	EndGlobalSection
	GlobalSection(ProjectConfigurationPlatforms) = postSolution
		{CDD25EC3-9469-44B5-AC23-640EDA331ED8}.Debug|Any CPU.ActiveCfg = Debug|Any CPU
		{CDD25EC3-9469-44B5-AC23-640EDA331ED8}.Debug|Any CPU.Build.0 = Debug|Any CPU
		{CDD25EC3-9469-44B5-AC23-640EDA331ED8}.Release|Any CPU.ActiveCfg = Release|Any CPU
		{CDD25EC3-9469-44B5-AC23-640EDA331ED8}.Release|Any CPU.Build.0 = Release|Any CPU
	EndGlobalSection
	GlobalSection(SolutionProperties) = preSolution
		HideSolutionNode = FALSE
	EndGlobalSection
	GlobalSection(ExtensibilityGlobals) = postSolution
		SolutionGuid = {30896DCE-E4C3-441E-9BD7-21CFC6779374}
	EndGlobalSection
EndGlobal
